
Microsoft Visual Studio Solution File, Format Version 12.00
# Visual Studio Version 17
VisualStudioVersion = 17.13.35507.96
MinimumVisualStudioVersion = 10.0.40219.1
Project("{FAE04EC0-301F-11D3-BF4B-00C04F79EFBC}") = "DataTypes", "DataTypes\DataTypes.csproj", "{5234F861-A80E-43AE-AE28-DC7C685AA866}"
EndProject
Project("{FAE04EC0-301F-11D3-BF4B-00C04F79EFBC}") = "Array", "Array\Array.csproj", "{8816222B-1790-4CB9-A8CB-5F2FD4907523}"
EndProject
Project("{FAE04EC0-301F-11D3-BF4B-00C04F79EFBC}") = "InputOutput", "InputOutput\InputOutput.csproj", "{491E39A5-CE93-4344-B8C0-3A41F673A530}"
EndProject
Project("{FAE04EC0-301F-11D3-BF4B-00C04F79EFBC}") = "ConditionalStatements", "ConditionalStatements\ConditionalStatements.csproj", "{80229B75-3C34-4323-9EBA-6FCECDAE5A69}"
EndProject
Project("{FAE04EC0-301F-11D3-BF4B-00C04F79EFBC}") = "Constants", "Constants\Constants.csproj", "{62664AB2-1DD6-4B4D-8F9D-AB72C2C38100}"
EndProject
Project("{FAE04EC0-301F-11D3-BF4B-00C04F79EFBC}") = "Operators", "Operators\Operators.csproj", "{48AD961D-EE11-4EE2-A991-E45599393F20}"
EndProject
Project("{FAE04EC0-301F-11D3-BF4B-00C04F79EFBC}") = "Loops", "Loops\Loops.csproj", "{27643807-C087-4857-95E5-042015798C77}"
EndProject
Project("{FAE04EC0-301F-11D3-BF4B-00C04F79EFBC}") = "Class", "Class\Class.csproj", "{710BEA68-4421-4974-BA70-4D9D21CB81AC}"
EndProject
Project("{FAE04EC0-301F-11D3-BF4B-00C04F79EFBC}") = "Test", "Test\Test.csproj", "{EFFDD220-5FDE-403C-BB67-883EF451557B}"
EndProject
Project("{FAE04EC0-301F-11D3-BF4B-00C04F79EFBC}") = "MoreOnClasses", "MoreOnClasses\MoreOnClasses.csproj", "{3A7817A5-8C9B-402C-9320-0DAE62FAC1A0}"
EndProject
Project("{FAE04EC0-301F-11D3-BF4B-00C04F79EFBC}") = "InterfaceExample", "IterfaceExample\InterfaceExample.csproj", "{E121B1FC-7CF5-417A-A5A8-1B2CD747046C}"
EndProject
Project("{FAE04EC0-301F-11D3-BF4B-00C04F79EFBC}") = "OOP", "OOP\OOP.csproj", "{EE4361E3-0ADE-4E4A-9C96-4A0BBF3856EE}"
EndProject
Project("{FAE04EC0-301F-11D3-BF4B-00C04F79EFBC}") = "PartialClass", "PartialClass\PartialClass.csproj", "{AE6513B5-01E7-41F9-B817-C0E2A0BEB6BC}"
EndProject
Project("{FAE04EC0-301F-11D3-BF4B-00C04F79EFBC}") = "StringAndChar", "StringAndChar\StringAndChar.csproj", "{5AB41ACF-6C56-4BD2-95A4-C37B2C4C2571}"
EndProject
Project("{FAE04EC0-301F-11D3-BF4B-00C04F79EFBC}") = "ExploreAccessModifiersWithInheritance", "ExploreAccessModifiersWithInheritance\ExploreAccessModifiersWithInheritance.csproj", "{E0A7529D-3F50-465A-A1EE-434C17EE7C4B}"
EndProject
Project("{FAE04EC0-301F-11D3-BF4B-00C04F79EFBC}") = "MethodOverLoadingExample", "MethodOverLoadingExample\MethodOverLoadingExample.csproj", "{037FFE0F-B8AF-4F9F-A780-C699695ACD8A}"
EndProject
Project("{FAE04EC0-301F-11D3-BF4B-00C04F79EFBC}") = "CalculatorWithOverloadedMethods", "CalculatorWithOverloadedMethods\CalculatorWithOverloadedMethods.csproj", "{B129174A-C16A-49A5-9A83-C0BDD3ABA296}"
EndProject
Project("{FAE04EC0-301F-11D3-BF4B-00C04F79EFBC}") = "AreaCalculatorWithOverloadedMethods", "AreaCalculatorWithOverloadedMethods\AreaCalculatorWithOverloadedMethods.csproj", "{49CEEE09-9FD3-4D2C-8F56-ED62BE298A82}"
EndProject
Project("{FAE04EC0-301F-11D3-BF4B-00C04F79EFBC}") = "StringManipulationWithOverloadedMethods", "StringManipulationWithOverloadedMethods\StringManipulationWithOverloadedMethods.csproj", "{785EAC31-63C1-4819-AF62-1610E27A2B30}"
EndProject
Global
	GlobalSection(SolutionConfigurationPlatforms) = preSolution
		Debug|Any CPU = Debug|Any CPU
		Release|Any CPU = Release|Any CPU
	EndGlobalSection
	GlobalSection(ProjectConfigurationPlatforms) = postSolution
		{5234F861-A80E-43AE-AE28-DC7C685AA866}.Debug|Any CPU.ActiveCfg = Debug|Any CPU
		{5234F861-A80E-43AE-AE28-DC7C685AA866}.Debug|Any CPU.Build.0 = Debug|Any CPU
		{5234F861-A80E-43AE-AE28-DC7C685AA866}.Release|Any CPU.ActiveCfg = Release|Any CPU
		{5234F861-A80E-43AE-AE28-DC7C685AA866}.Release|Any CPU.Build.0 = Release|Any CPU
		{8816222B-1790-4CB9-A8CB-5F2FD4907523}.Debug|Any CPU.ActiveCfg = Debug|Any CPU
		{8816222B-1790-4CB9-A8CB-5F2FD4907523}.Debug|Any CPU.Build.0 = Debug|Any CPU
		{8816222B-1790-4CB9-A8CB-5F2FD4907523}.Release|Any CPU.ActiveCfg = Release|Any CPU
		{8816222B-1790-4CB9-A8CB-5F2FD4907523}.Release|Any CPU.Build.0 = Release|Any CPU
		{491E39A5-CE93-4344-B8C0-3A41F673A530}.Debug|Any CPU.ActiveCfg = Debug|Any CPU
		{491E39A5-CE93-4344-B8C0-3A41F673A530}.Debug|Any CPU.Build.0 = Debug|Any CPU
		{491E39A5-CE93-4344-B8C0-3A41F673A530}.Release|Any CPU.ActiveCfg = Release|Any CPU
		{491E39A5-CE93-4344-B8C0-3A41F673A530}.Release|Any CPU.Build.0 = Release|Any CPU
		{80229B75-3C34-4323-9EBA-6FCECDAE5A69}.Debug|Any CPU.ActiveCfg = Debug|Any CPU
		{80229B75-3C34-4323-9EBA-6FCECDAE5A69}.Debug|Any CPU.Build.0 = Debug|Any CPU
		{80229B75-3C34-4323-9EBA-6FCECDAE5A69}.Release|Any CPU.ActiveCfg = Release|Any CPU
		{80229B75-3C34-4323-9EBA-6FCECDAE5A69}.Release|Any CPU.Build.0 = Release|Any CPU
		{62664AB2-1DD6-4B4D-8F9D-AB72C2C38100}.Debug|Any CPU.ActiveCfg = Debug|Any CPU
		{62664AB2-1DD6-4B4D-8F9D-AB72C2C38100}.Debug|Any CPU.Build.0 = Debug|Any CPU
		{62664AB2-1DD6-4B4D-8F9D-AB72C2C38100}.Release|Any CPU.ActiveCfg = Release|Any CPU
		{62664AB2-1DD6-4B4D-8F9D-AB72C2C38100}.Release|Any CPU.Build.0 = Release|Any CPU
		{48AD961D-EE11-4EE2-A991-E45599393F20}.Debug|Any CPU.ActiveCfg = Debug|Any CPU
		{48AD961D-EE11-4EE2-A991-E45599393F20}.Debug|Any CPU.Build.0 = Debug|Any CPU
		{48AD961D-EE11-4EE2-A991-E45599393F20}.Release|Any CPU.ActiveCfg = Release|Any CPU
		{48AD961D-EE11-4EE2-A991-E45599393F20}.Release|Any CPU.Build.0 = Release|Any CPU
		{27643807-C087-4857-95E5-042015798C77}.Debug|Any CPU.ActiveCfg = Debug|Any CPU
		{27643807-C087-4857-95E5-042015798C77}.Debug|Any CPU.Build.0 = Debug|Any CPU
		{27643807-C087-4857-95E5-042015798C77}.Release|Any CPU.ActiveCfg = Release|Any CPU
		{27643807-C087-4857-95E5-042015798C77}.Release|Any CPU.Build.0 = Release|Any CPU
		{710BEA68-4421-4974-BA70-4D9D21CB81AC}.Debug|Any CPU.ActiveCfg = Debug|Any CPU
		{710BEA68-4421-4974-BA70-4D9D21CB81AC}.Debug|Any CPU.Build.0 = Debug|Any CPU
		{710BEA68-4421-4974-BA70-4D9D21CB81AC}.Release|Any CPU.ActiveCfg = Release|Any CPU
		{710BEA68-4421-4974-BA70-4D9D21CB81AC}.Release|Any CPU.Build.0 = Release|Any CPU
		{EFFDD220-5FDE-403C-BB67-883EF451557B}.Debug|Any CPU.ActiveCfg = Debug|Any CPU
		{EFFDD220-5FDE-403C-BB67-883EF451557B}.Debug|Any CPU.Build.0 = Debug|Any CPU
		{EFFDD220-5FDE-403C-BB67-883EF451557B}.Release|Any CPU.ActiveCfg = Release|Any CPU
		{EFFDD220-5FDE-403C-BB67-883EF451557B}.Release|Any CPU.Build.0 = Release|Any CPU
		{3A7817A5-8C9B-402C-9320-0DAE62FAC1A0}.Debug|Any CPU.ActiveCfg = Debug|Any CPU
		{3A7817A5-8C9B-402C-9320-0DAE62FAC1A0}.Debug|Any CPU.Build.0 = Debug|Any CPU
		{3A7817A5-8C9B-402C-9320-0DAE62FAC1A0}.Release|Any CPU.ActiveCfg = Release|Any CPU
		{3A7817A5-8C9B-402C-9320-0DAE62FAC1A0}.Release|Any CPU.Build.0 = Release|Any CPU
		{E121B1FC-7CF5-417A-A5A8-1B2CD747046C}.Debug|Any CPU.ActiveCfg = Debug|Any CPU
		{E121B1FC-7CF5-417A-A5A8-1B2CD747046C}.Debug|Any CPU.Build.0 = Debug|Any CPU
		{E121B1FC-7CF5-417A-A5A8-1B2CD747046C}.Release|Any CPU.ActiveCfg = Release|Any CPU
		{E121B1FC-7CF5-417A-A5A8-1B2CD747046C}.Release|Any CPU.Build.0 = Release|Any CPU
		{EE4361E3-0ADE-4E4A-9C96-4A0BBF3856EE}.Debug|Any CPU.ActiveCfg = Debug|Any CPU
		{EE4361E3-0ADE-4E4A-9C96-4A0BBF3856EE}.Debug|Any CPU.Build.0 = Debug|Any CPU
		{EE4361E3-0ADE-4E4A-9C96-4A0BBF3856EE}.Release|Any CPU.ActiveCfg = Release|Any CPU
		{EE4361E3-0ADE-4E4A-9C96-4A0BBF3856EE}.Release|Any CPU.Build.0 = Release|Any CPU
		{AE6513B5-01E7-41F9-B817-C0E2A0BEB6BC}.Debug|Any CPU.ActiveCfg = Debug|Any CPU
		{AE6513B5-01E7-41F9-B817-C0E2A0BEB6BC}.Debug|Any CPU.Build.0 = Debug|Any CPU
		{AE6513B5-01E7-41F9-B817-C0E2A0BEB6BC}.Release|Any CPU.ActiveCfg = Release|Any CPU
		{AE6513B5-01E7-41F9-B817-C0E2A0BEB6BC}.Release|Any CPU.Build.0 = Release|Any CPU
		{5AB41ACF-6C56-4BD2-95A4-C37B2C4C2571}.Debug|Any CPU.ActiveCfg = Debug|Any CPU
		{5AB41ACF-6C56-4BD2-95A4-C37B2C4C2571}.Debug|Any CPU.Build.0 = Debug|Any CPU
		{5AB41ACF-6C56-4BD2-95A4-C37B2C4C2571}.Release|Any CPU.ActiveCfg = Release|Any CPU
		{5AB41ACF-6C56-4BD2-95A4-C37B2C4C2571}.Release|Any CPU.Build.0 = Release|Any CPU
		{E0A7529D-3F50-465A-A1EE-434C17EE7C4B}.Debug|Any CPU.ActiveCfg = Debug|Any CPU
		{E0A7529D-3F50-465A-A1EE-434C17EE7C4B}.Debug|Any CPU.Build.0 = Debug|Any CPU
		{E0A7529D-3F50-465A-A1EE-434C17EE7C4B}.Release|Any CPU.ActiveCfg = Release|Any CPU
		{E0A7529D-3F50-465A-A1EE-434C17EE7C4B}.Release|Any CPU.Build.0 = Release|Any CPU
		{037FFE0F-B8AF-4F9F-A780-C699695ACD8A}.Debug|Any CPU.ActiveCfg = Debug|Any CPU
		{037FFE0F-B8AF-4F9F-A780-C699695ACD8A}.Debug|Any CPU.Build.0 = Debug|Any CPU
		{037FFE0F-B8AF-4F9F-A780-C699695ACD8A}.Release|Any CPU.ActiveCfg = Release|Any CPU
		{037FFE0F-B8AF-4F9F-A780-C699695ACD8A}.Release|Any CPU.Build.0 = Release|Any CPU
		{B129174A-C16A-49A5-9A83-C0BDD3ABA296}.Debug|Any CPU.ActiveCfg = Debug|Any CPU
		{B129174A-C16A-49A5-9A83-C0BDD3ABA296}.Debug|Any CPU.Build.0 = Debug|Any CPU
		{B129174A-C16A-49A5-9A83-C0BDD3ABA296}.Release|Any CPU.ActiveCfg = Release|Any CPU
		{B129174A-C16A-49A5-9A83-C0BDD3ABA296}.Release|Any CPU.Build.0 = Release|Any CPU
		{49CEEE09-9FD3-4D2C-8F56-ED62BE298A82}.Debug|Any CPU.ActiveCfg = Debug|Any CPU
		{49CEEE09-9FD3-4D2C-8F56-ED62BE298A82}.Debug|Any CPU.Build.0 = Debug|Any CPU
		{49CEEE09-9FD3-4D2C-8F56-ED62BE298A82}.Release|Any CPU.ActiveCfg = Release|Any CPU
		{49CEEE09-9FD3-4D2C-8F56-ED62BE298A82}.Release|Any CPU.Build.0 = Release|Any CPU
		{785EAC31-63C1-4819-AF62-1610E27A2B30}.Debug|Any CPU.ActiveCfg = Debug|Any CPU
		{785EAC31-63C1-4819-AF62-1610E27A2B30}.Debug|Any CPU.Build.0 = Debug|Any CPU
		{785EAC31-63C1-4819-AF62-1610E27A2B30}.Release|Any CPU.ActiveCfg = Release|Any CPU
		{785EAC31-63C1-4819-AF62-1610E27A2B30}.Release|Any CPU.Build.0 = Release|Any CPU
	EndGlobalSection
	GlobalSection(SolutionProperties) = preSolution
		HideSolutionNode = FALSE
	EndGlobalSection
	GlobalSection(ExtensibilityGlobals) = postSolution
		SolutionGuid = {A5ECF08D-1714-45EA-9D75-E0F99E95B610}
	EndGlobalSection
EndGlobal
