
Microsoft Visual Studio Solution File, Format Version 12.00
# Visual Studio Version 17
VisualStudioVersion = 17.13.35507.96
MinimumVisualStudioVersion = 10.0.40219.1
Project("{FAE04EC0-301F-11D3-BF4B-00C04F79EFBC}") = "Watermelon", "Watermelon\Watermelon.csproj", "{9CBAB2A3-E088-4E17-9E44-A8D4E938E459}"
EndProject
Project("{FAE04EC0-301F-11D3-BF4B-00C04F79EFBC}") = "WayTooLongWords", "WayTooLongWords\WayTooLongWords.csproj", "{296CA916-25B6-44B8-A436-33BF0A8A7D25}"
EndProject
Project("{FAE04EC0-301F-11D3-BF4B-00C04F79EFBC}") = "Team", "Team\Team.csproj", "{C452BBCA-5CF6-460B-817E-0E84FFBADA09}"
EndProject
Project("{FAE04EC0-301F-11D3-BF4B-00C04F79EFBC}") = "Bit++", "Bit++\Bit++.csproj", "{6C69B065-BFD3-4CA4-A543-41B51E863E01}"
EndProject
Project("{FAE04EC0-301F-11D3-BF4B-00C04F79EFBC}") = "TheatreSquare", "TheatreSquare\TheatreSquare.csproj", "{FBA2292B-2D9B-419F-B567-AD08CCE9BFE3}"
EndProject
Project("{FAE04EC0-301F-11D3-BF4B-00C04F79EFBC}") = "NextRound", "NextRound\NextRound.csproj", "{8835B3CE-D17F-448A-B060-45CC060BE32A}"
EndProject
Project("{FAE04EC0-301F-11D3-BF4B-00C04F79EFBC}") = "DominoPiling", "DominoPiling\DominoPiling.csproj", "{3BF2BB45-6117-4E08-B8CB-19869C11D7E0}"
EndProject
Project("{FAE04EC0-301F-11D3-BF4B-00C04F79EFBC}") = "BeautifulMatrix", "BeautifulMatrix\BeautifulMatrix.csproj", "{9B291CFB-A3C3-4720-BB74-7132295FC56E}"
EndProject
Project("{FAE04EC0-301F-11D3-BF4B-00C04F79EFBC}") = "PetyaAndStrings", "PetyaAndStrings\PetyaAndStrings.csproj", "{7445E03A-10D8-4908-9748-2018ECAF5361}"
EndProject
Global
	GlobalSection(SolutionConfigurationPlatforms) = preSolution
		Debug|Any CPU = Debug|Any CPU
		Release|Any CPU = Release|Any CPU
	EndGlobalSection
	GlobalSection(ProjectConfigurationPlatforms) = postSolution
		{9CBAB2A3-E088-4E17-9E44-A8D4E938E459}.Debug|Any CPU.ActiveCfg = Debug|Any CPU
		{9CBAB2A3-E088-4E17-9E44-A8D4E938E459}.Debug|Any CPU.Build.0 = Debug|Any CPU
		{9CBAB2A3-E088-4E17-9E44-A8D4E938E459}.Release|Any CPU.ActiveCfg = Release|Any CPU
		{9CBAB2A3-E088-4E17-9E44-A8D4E938E459}.Release|Any CPU.Build.0 = Release|Any CPU
		{296CA916-25B6-44B8-A436-33BF0A8A7D25}.Debug|Any CPU.ActiveCfg = Debug|Any CPU
		{296CA916-25B6-44B8-A436-33BF0A8A7D25}.Debug|Any CPU.Build.0 = Debug|Any CPU
		{296CA916-25B6-44B8-A436-33BF0A8A7D25}.Release|Any CPU.ActiveCfg = Release|Any CPU
		{296CA916-25B6-44B8-A436-33BF0A8A7D25}.Release|Any CPU.Build.0 = Release|Any CPU
		{C452BBCA-5CF6-460B-817E-0E84FFBADA09}.Debug|Any CPU.ActiveCfg = Debug|Any CPU
		{C452BBCA-5CF6-460B-817E-0E84FFBADA09}.Debug|Any CPU.Build.0 = Debug|Any CPU
		{C452BBCA-5CF6-460B-817E-0E84FFBADA09}.Release|Any CPU.ActiveCfg = Release|Any CPU
		{C452BBCA-5CF6-460B-817E-0E84FFBADA09}.Release|Any CPU.Build.0 = Release|Any CPU
		{6C69B065-BFD3-4CA4-A543-41B51E863E01}.Debug|Any CPU.ActiveCfg = Debug|Any CPU
		{6C69B065-BFD3-4CA4-A543-41B51E863E01}.Debug|Any CPU.Build.0 = Debug|Any CPU
		{6C69B065-BFD3-4CA4-A543-41B51E863E01}.Release|Any CPU.ActiveCfg = Release|Any CPU
		{6C69B065-BFD3-4CA4-A543-41B51E863E01}.Release|Any CPU.Build.0 = Release|Any CPU
		{FBA2292B-2D9B-419F-B567-AD08CCE9BFE3}.Debug|Any CPU.ActiveCfg = Debug|Any CPU
		{FBA2292B-2D9B-419F-B567-AD08CCE9BFE3}.Debug|Any CPU.Build.0 = Debug|Any CPU
		{FBA2292B-2D9B-419F-B567-AD08CCE9BFE3}.Release|Any CPU.ActiveCfg = Release|Any CPU
		{FBA2292B-2D9B-419F-B567-AD08CCE9BFE3}.Release|Any CPU.Build.0 = Release|Any CPU
		{8835B3CE-D17F-448A-B060-45CC060BE32A}.Debug|Any CPU.ActiveCfg = Debug|Any CPU
		{8835B3CE-D17F-448A-B060-45CC060BE32A}.Debug|Any CPU.Build.0 = Debug|Any CPU
		{8835B3CE-D17F-448A-B060-45CC060BE32A}.Release|Any CPU.ActiveCfg = Release|Any CPU
		{8835B3CE-D17F-448A-B060-45CC060BE32A}.Release|Any CPU.Build.0 = Release|Any CPU
		{3BF2BB45-6117-4E08-B8CB-19869C11D7E0}.Debug|Any CPU.ActiveCfg = Debug|Any CPU
		{3BF2BB45-6117-4E08-B8CB-19869C11D7E0}.Debug|Any CPU.Build.0 = Debug|Any CPU
		{3BF2BB45-6117-4E08-B8CB-19869C11D7E0}.Release|Any CPU.ActiveCfg = Release|Any CPU
		{3BF2BB45-6117-4E08-B8CB-19869C11D7E0}.Release|Any CPU.Build.0 = Release|Any CPU
		{9B291CFB-A3C3-4720-BB74-7132295FC56E}.Debug|Any CPU.ActiveCfg = Debug|Any CPU
		{9B291CFB-A3C3-4720-BB74-7132295FC56E}.Debug|Any CPU.Build.0 = Debug|Any CPU
		{9B291CFB-A3C3-4720-BB74-7132295FC56E}.Release|Any CPU.ActiveCfg = Release|Any CPU
		{9B291CFB-A3C3-4720-BB74-7132295FC56E}.Release|Any CPU.Build.0 = Release|Any CPU
		{7445E03A-10D8-4908-9748-2018ECAF5361}.Debug|Any CPU.ActiveCfg = Debug|Any CPU
		{7445E03A-10D8-4908-9748-2018ECAF5361}.Debug|Any CPU.Build.0 = Debug|Any CPU
		{7445E03A-10D8-4908-9748-2018ECAF5361}.Release|Any CPU.ActiveCfg = Release|Any CPU
		{7445E03A-10D8-4908-9748-2018ECAF5361}.Release|Any CPU.Build.0 = Release|Any CPU
	EndGlobalSection
	GlobalSection(SolutionProperties) = preSolution
		HideSolutionNode = FALSE
	EndGlobalSection
	GlobalSection(ExtensibilityGlobals) = postSolution
		SolutionGuid = {597FA738-C12F-4588-AEE3-78E15A832122}
	EndGlobalSection
EndGlobal
